
Microsoft Visual Studio Solution File, Format Version 12.00
Project("{FAE04EC0-301F-11D3-BF4B-00C04F79EFBC}") = "hashtable inlämning", "hashtable inlämning\hashtable inlämning.csproj", "{65F50B33-6495-411E-8301-B304F5BDC783}"
EndProject
Project("{FAE04EC0-301F-11D3-BF4B-00C04F79EFBC}") = "TeshHashTable", "TeshHashTable\TeshHashTable.csproj", "{EF44E469-03D4-41D1-9429-F59BE6049203}"
EndProject
Global
	GlobalSection(SolutionConfigurationPlatforms) = preSolution
		Debug|Any CPU = Debug|Any CPU
		Release|Any CPU = Release|Any CPU
	EndGlobalSection
	GlobalSection(ProjectConfigurationPlatforms) = postSolution
		{65F50B33-6495-411E-8301-B304F5BDC783}.Debug|Any CPU.ActiveCfg = Debug|Any CPU
		{65F50B33-6495-411E-8301-B304F5BDC783}.Debug|Any CPU.Build.0 = Debug|Any CPU
		{65F50B33-6495-411E-8301-B304F5BDC783}.Release|Any CPU.ActiveCfg = Release|Any CPU
		{65F50B33-6495-411E-8301-B304F5BDC783}.Release|Any CPU.Build.0 = Release|Any CPU
		{EF44E469-03D4-41D1-9429-F59BE6049203}.Debug|Any CPU.ActiveCfg = Debug|Any CPU
		{EF44E469-03D4-41D1-9429-F59BE6049203}.Debug|Any CPU.Build.0 = Debug|Any CPU
		{EF44E469-03D4-41D1-9429-F59BE6049203}.Release|Any CPU.ActiveCfg = Release|Any CPU
		{EF44E469-03D4-41D1-9429-F59BE6049203}.Release|Any CPU.Build.0 = Release|Any CPU
	EndGlobalSection
EndGlobal
